<?xml version="1.0" encoding="utf-8"?>
<Project ToolsVersion="4.0" xmlns="http://schemas.microsoft.com/developer/msbuild/2003">
  <ItemGroup>
    <Filter Include="Source Files">
      <UniqueIdentifier>{4FC737F1-C7A5-4376-A066-2A32D752A2FF}</UniqueIdentifier>
      <Extensions>cpp;c;cc;cxx;c++;cppm;ixx;def;odl;idl;hpj;bat;asm;asmx</Extensions>
    </Filter>
    <Filter Include="Header Files">
      <UniqueIdentifier>{93995380-89BD-4b04-88EB-625FBE52EBFB}</UniqueIdentifier>
      <Extensions>h;hh;hpp;hxx;h++;hm;inl;inc;ipp;xsd</Extensions>
    </Filter>
    <Filter Include="Resource Files">
      <UniqueIdentifier>{67DA6AB6-F800-4c08-8B7A-83BB121AAD01}</UniqueIdentifier>
      <Extensions>rc;ico;cur;bmp;dlg;rc2;rct;bin;rgs;gif;jpg;jpeg;jpe;resx;tiff;tif;png;wav;mfcribbon-ms</Extensions>
    </Filter>
  </ItemGroup>
  <ItemGroup>
    <ClCompile Include="..\Alif\alif.cpp">
      <Filter>Source Files</Filter>
    </ClCompile>
    <ClCompile Include="..\AlifCore\Objects\Abstract.cpp">
      <Filter>Source Files</Filter>
    </ClCompile>
    <ClCompile Include="..\AlifCore\Objects\ActionHelpers.cpp">
      <Filter>Source Files</Filter>
    </ClCompile>
    <ClCompile Include="..\AlifCore\Objects\AlifAssemble.cpp">
      <Filter>Source Files</Filter>
    </ClCompile>
    <ClCompile Include="..\AlifCore\Objects\AlifAST.cpp">
      <Filter>Source Files</Filter>
    </ClCompile>
    <ClCompile Include="..\AlifCore\Objects\AlifCompiler.cpp">
      <Filter>Source Files</Filter>
    </ClCompile>
    <ClCompile Include="..\AlifCore\Objects\AlifCppType.cpp">
      <Filter>Source Files</Filter>
    </ClCompile>
    <ClCompile Include="..\AlifCore\Objects\AlifCycle.cpp">
      <Filter>Source Files</Filter>
    </ClCompile>
    <ClCompile Include="..\AlifCore\Objects\AlifEval.cpp">
      <Filter>Source Files</Filter>
    </ClCompile>
    <ClCompile Include="..\AlifCore\Objects\AlifFlowGraph.cpp">
      <Filter>Source Files</Filter>
    </ClCompile>
    <ClCompile Include="..\AlifCore\Objects\AlifLexer.cpp">
      <Filter>Source Files</Filter>
    </ClCompile>
    <ClCompile Include="..\AlifCore\Objects\AlifObject.cpp">
      <Filter>Source Files</Filter>
    </ClCompile>
    <ClCompile Include="..\AlifCore\Objects\AlifParser.cpp">
      <Filter>Source Files</Filter>
    </ClCompile>
    <ClCompile Include="..\AlifCore\Objects\AlifParserEngine.cpp">
      <Filter>Source Files</Filter>
    </ClCompile>
    <ClCompile Include="..\AlifCore\Objects\AlifParserEngineErrors.cpp">
      <Filter>Source Files</Filter>
    </ClCompile>
    <ClCompile Include="..\AlifCore\Objects\AlifRun.cpp">
      <Filter>Source Files</Filter>
    </ClCompile>
    <ClCompile Include="..\AlifCore\Objects\AlifState.cpp">
      <Filter>Source Files</Filter>
    </ClCompile>
    <ClCompile Include="..\AlifCore\Objects\AlifSymTable.cpp">
      <Filter>Source Files</Filter>
    </ClCompile>
    <ClCompile Include="..\AlifCore\Objects\AlifTime.cpp">
      <Filter>Source Files</Filter>
    </ClCompile>
    <ClCompile Include="..\AlifCore\Objects\AlifToken.cpp">
      <Filter>Source Files</Filter>
    </ClCompile>
    <ClCompile Include="..\AlifCore\Objects\AlifTokenState.cpp">
      <Filter>Source Files</Filter>
    </ClCompile>
    <ClCompile Include="..\AlifCore\Objects\ASDL.cpp">
      <Filter>Source Files</Filter>
    </ClCompile>
    <ClCompile Include="..\AlifCore\Objects\ASTOptimize.cpp">
      <Filter>Source Files</Filter>
    </ClCompile>
    <ClCompile Include="..\AlifCore\Objects\BoolObject.cpp">
      <Filter>Source Files</Filter>
    </ClCompile>
    <ClCompile Include="..\AlifCore\Objects\BuiltinsModule.cpp">
      <Filter>Source Files</Filter>
    </ClCompile>
    <ClCompile Include="..\AlifCore\Objects\BytesMethods.cpp">
      <Filter>Source Files</Filter>
    </ClCompile>
    <ClCompile Include="..\AlifCore\Objects\BytesObject.cpp">
      <Filter>Source Files</Filter>
    </ClCompile>
    <ClCompile Include="..\AlifCore\Objects\Call.cpp">
      <Filter>Source Files</Filter>
    </ClCompile>
    <ClCompile Include="..\AlifCore\Objects\Capsule.cpp">
      <Filter>Source Files</Filter>
    </ClCompile>
    <ClCompile Include="..\AlifCore\Objects\ClassObject.cpp">
      <Filter>Source Files</Filter>
    </ClCompile>
    <ClCompile Include="..\AlifCore\Objects\CodeObject.cpp">
      <Filter>Source Files</Filter>
    </ClCompile>
    <ClCompile Include="..\AlifCore\Objects\ConfigMinimal.cpp">
      <Filter>Source Files</Filter>
    </ClCompile>
    <ClCompile Include="..\AlifCore\Objects\DescrObject.cpp">
      <Filter>Source Files</Filter>
    </ClCompile>
    <ClCompile Include="..\AlifCore\Objects\DictObject.cpp">
      <Filter>Source Files</Filter>
    </ClCompile>
    <ClCompile Include="..\AlifCore\Objects\FileManip.cpp">
      <Filter>Source Files</Filter>
    </ClCompile>
    <ClCompile Include="..\AlifCore\Objects\FileObject.cpp">
      <Filter>Source Files</Filter>
    </ClCompile>
    <ClCompile Include="..\AlifCore\Objects\FileTokenizer.cpp">
      <Filter>Source Files</Filter>
    </ClCompile>
    <ClCompile Include="..\AlifCore\Objects\FloatObject.cpp">
      <Filter>Source Files</Filter>
    </ClCompile>
    <ClCompile Include="..\AlifCore\Objects\FrameObject.cpp">
      <Filter>Source Files</Filter>
    </ClCompile>
    <ClCompile Include="..\AlifCore\Objects\FunctionObject.cpp">
      <Filter>Source Files</Filter>
    </ClCompile>
    <ClCompile Include="..\AlifCore\Objects\GC.cpp">
      <Filter>Source Files</Filter>
    </ClCompile>
    <ClCompile Include="..\AlifCore\Objects\GenericAliasObject.cpp">
      <Filter>Source Files</Filter>
    </ClCompile>
    <ClCompile Include="..\AlifCore\Objects\GetArgs.cpp">
      <Filter>Source Files</Filter>
    </ClCompile>
    <ClCompile Include="..\AlifCore\Objects\GetConsoleLine.cpp">
      <Filter>Source Files</Filter>
    </ClCompile>
    <ClCompile Include="..\AlifCore\Objects\GetVersion.cpp">
      <Filter>Source Files</Filter>
    </ClCompile>
    <ClCompile Include="..\AlifCore\Objects\Import.cpp">
      <Filter>Source Files</Filter>
    </ClCompile>
    <ClCompile Include="..\AlifCore\Objects\InitConfig.cpp">
      <Filter>Source Files</Filter>
    </ClCompile>
    <ClCompile Include="..\AlifCore\Objects\InstructionSeq.cpp">
      <Filter>Source Files</Filter>
    </ClCompile>
    <ClCompile Include="..\AlifCore\Objects\Instrumentation.cpp">
      <Filter>Source Files</Filter>
    </ClCompile>
    <ClCompile Include="..\AlifCore\Objects\IntegerObject.cpp">
      <Filter>Source Files</Filter>
    </ClCompile>
    <ClCompile Include="..\AlifCore\Objects\IterObject.cpp">
      <Filter>Source Files</Filter>
    </ClCompile>
    <ClCompile Include="..\AlifCore\Objects\ListObject.cpp">
      <Filter>Source Files</Filter>
    </ClCompile>
    <ClCompile Include="..\AlifCore\Objects\Memory.cpp">
      <Filter>Source Files</Filter>
    </ClCompile>
    <ClCompile Include="..\AlifCore\Objects\MethodObject.cpp">
      <Filter>Source Files</Filter>
    </ClCompile>
    <ClCompile Include="..\AlifCore\Objects\ModuleObject.cpp">
      <Filter>Source Files</Filter>
    </ClCompile>
    <ClCompile Include="..\AlifCore\Objects\SetObject.cpp">
      <Filter>Source Files</Filter>
    </ClCompile>
    <ClCompile Include="..\AlifCore\Objects\SliceObject.cpp">
      <Filter>Source Files</Filter>
    </ClCompile>
    <ClCompile Include="..\AlifCore\Objects\Specialize.cpp">
      <Filter>Source Files</Filter>
    </ClCompile>
    <ClCompile Include="..\AlifCore\Objects\StringParser.cpp">
      <Filter>Source Files</Filter>
    </ClCompile>
    <ClCompile Include="..\AlifCore\Objects\SysModule.cpp">
      <Filter>Source Files</Filter>
    </ClCompile>
    <ClCompile Include="..\AlifCore\Objects\Thread.cpp">
      <Filter>Source Files</Filter>
    </ClCompile>
    <ClCompile Include="..\AlifCore\Objects\TupleObject.cpp">
      <Filter>Source Files</Filter>
    </ClCompile>
    <ClCompile Include="..\AlifCore\Objects\TypeObject.cpp">
      <Filter>Source Files</Filter>
    </ClCompile>
    <ClCompile Include="..\AlifCore\Objects\UStrObject.cpp">
      <Filter>Source Files</Filter>
    </ClCompile>
  </ItemGroup>
  <ItemGroup>
    <ClInclude Include="..\Alif\alif.h">
      <Filter>Source Files</Filter>
    </ClInclude>
    <ClInclude Include="..\AlifCore\Include\Core\AlifCore_Abstract.h">
      <Filter>Source Files</Filter>
    </ClInclude>
    <ClInclude Include="..\AlifCore\Include\Core\AlifCore_AlifCycle.h">
      <Filter>Source Files</Filter>
    </ClInclude>
    <ClInclude Include="..\AlifCore\Include\Core\AlifCore_AlifEval.h">
      <Filter>Source Files</Filter>
    </ClInclude>
    <ClInclude Include="..\AlifCore\Include\Core\AlifCore_AlifRun.h">
      <Filter>Source Files</Filter>
    </ClInclude>
    <ClInclude Include="..\AlifCore\Include\Core\AlifCore_AlifState.h">
      <Filter>Source Files</Filter>
    </ClInclude>
    <ClInclude Include="..\AlifCore\Include\Core\AlifCore_AlifThread.h">
      <Filter>Source Files</Filter>
    </ClInclude>
    <ClInclude Include="..\AlifCore\Include\Core\AlifCore_AlifToken.h">
      <Filter>Source Files</Filter>
    </ClInclude>
    <ClInclude Include="..\AlifCore\Include\Core\AlifCore_ASDL.h">
      <Filter>Source Files</Filter>
    </ClInclude>
    <ClInclude Include="..\AlifCore\Include\Core\AlifCore_AST.h">
      <Filter>Source Files</Filter>
    </ClInclude>
    <ClInclude Include="..\AlifCore\Include\Core\AlifCore_Backoff.h">
      <Filter>Source Files</Filter>
    </ClInclude>
    <ClInclude Include="..\AlifCore\Include\Core\AlifCore_BytesMethods.h">
      <Filter>Source Files</Filter>
    </ClInclude>
    <ClInclude Include="..\AlifCore\Include\Core\AlifCore_BytesObject.h">
      <Filter>Source Files</Filter>
    </ClInclude>
    <ClInclude Include="..\AlifCore\Include\Core\AlifCore_Call.h">
      <Filter>Source Files</Filter>
    </ClInclude>
    <ClInclude Include="..\AlifCore\Include\Core\AlifCore_Code.h">
      <Filter>Source Files</Filter>
    </ClInclude>
    <ClInclude Include="..\AlifCore\Include\Core\AlifCore_Compile.h">
      <Filter>Source Files</Filter>
    </ClInclude>
    <ClInclude Include="..\AlifCore\Include\Core\AlifCore_CondVar.h">
      <Filter>Source Files</Filter>
    </ClInclude>
    <ClInclude Include="..\AlifCore\Include\Core\AlifCore_Context.h">
      <Filter>Source Files</Filter>
    </ClInclude>
    <ClInclude Include="..\AlifCore\Include\Core\AlifCore_Dict.h">
      <Filter>Source Files</Filter>
    </ClInclude>
    <ClInclude Include="..\AlifCore\Include\Core\AlifCore_DureRun.h">
      <Filter>Source Files</Filter>
    </ClInclude>
    <ClInclude Include="..\AlifCore\Include\Core\AlifCore_DureRunInit.h">
      <Filter>Source Files</Filter>
    </ClInclude>
    <ClInclude Include="..\AlifCore\Include\Core\AlifCore_FileUtils.h">
      <Filter>Source Files</Filter>
    </ClInclude>
    <ClInclude Include="..\AlifCore\Include\Core\AlifCore_FlowGraph.h">
      <Filter>Source Files</Filter>
    </ClInclude>
    <ClInclude Include="..\AlifCore\Include\Core\AlifCore_Frame.h">
      <Filter>Source Files</Filter>
    </ClInclude>
    <ClInclude Include="..\AlifCore\Include\Core\AlifCore_FreeList.h">
      <Filter>Source Files</Filter>
    </ClInclude>
    <ClInclude Include="..\AlifCore\Include\Core\AlifCore_Function.h">
      <Filter>Source Files</Filter>
    </ClInclude>
    <ClInclude Include="..\AlifCore\Include\Core\AlifCore_GC.h">
      <Filter>Source Files</Filter>
    </ClInclude>
    <ClInclude Include="..\AlifCore\Include\Core\AlifCore_GetConsoleLine.h">
      <Filter>Source Files</Filter>
    </ClInclude>
    <ClInclude Include="..\AlifCore\Include\Core\AlifCore_GlobalLock.h">
      <Filter>Source Files</Filter>
    </ClInclude>
    <ClInclude Include="..\AlifCore\Include\Core\AlifCore_GlobalObjects.h">
      <Filter>Source Files</Filter>
    </ClInclude>
    <ClInclude Include="..\AlifCore\Include\Core\AlifCore_GlobalString.h">
      <Filter>Source Files</Filter>
    </ClInclude>
    <ClInclude Include="..\AlifCore\Include\Core\AlifCore_HashArrayMapTree.h">
      <Filter>Source Files</Filter>
    </ClInclude>
    <ClInclude Include="..\AlifCore\Include\Core\AlifCore_Import.h">
      <Filter>Source Files</Filter>
    </ClInclude>
    <ClInclude Include="..\AlifCore\Include\Core\AlifCore_InitConfig.h">
      <Filter>Source Files</Filter>
    </ClInclude>
    <ClInclude Include="..\AlifCore\Include\Core\AlifCore_InstructionSeq.h">
      <Filter>Source Files</Filter>
    </ClInclude>
    <ClInclude Include="..\AlifCore\Include\Core\AlifCore_Integer.h">
      <Filter>Source Files</Filter>
    </ClInclude>
    <ClInclude Include="..\AlifCore\Include\Core\AlifCore_Interpreter.h">
      <Filter>Source Files</Filter>
    </ClInclude>
    <ClInclude Include="..\AlifCore\Include\Core\AlifCore_Intrinsics.h">
      <Filter>Source Files</Filter>
    </ClInclude>
    <ClInclude Include="..\AlifCore\Include\Core\AlifCore_List.h">
      <Filter>Source Files</Filter>
    </ClInclude>
    <ClInclude Include="..\AlifCore\Include\Core\AlifCore_LList.h">
      <Filter>Source Files</Filter>
    </ClInclude>
    <ClInclude Include="..\AlifCore\Include\Core\AlifCore_Lock.h">
      <Filter>Source Files</Filter>
    </ClInclude>
    <ClInclude Include="..\AlifCore\Include\Core\AlifCore_Memory.h">
      <Filter>Source Files</Filter>
    </ClInclude>
    <ClInclude Include="..\AlifCore\Include\Core\AlifCore_ModSupport.h">
      <Filter>Source Files</Filter>
    </ClInclude>
    <ClInclude Include="..\AlifCore\Include\Core\AlifCore_ModuleObject.h">
      <Filter>Source Files</Filter>
    </ClInclude>
    <ClInclude Include="..\AlifCore\Include\Core\AlifCore_Object.h">
      <Filter>Source Files</Filter>
    </ClInclude>
    <ClInclude Include="..\AlifCore\Include\Core\AlifCore_ObjectState.h">
      <Filter>Source Files</Filter>
    </ClInclude>
    <ClInclude Include="..\AlifCore\Include\Core\AlifCore_OpCodeData.h">
      <Filter>Source Files</Filter>
    </ClInclude>
    <ClInclude Include="..\AlifCore\Include\Core\AlifCore_OpCodeUtils.h">
      <Filter>Source Files</Filter>
    </ClInclude>
    <ClInclude Include="..\AlifCore\Include\Core\AlifCore_SymTable.h">
      <Filter>Source Files</Filter>
    </ClInclude>
    <ClInclude Include="..\AlifCore\Include\Core\AlifCore_Time.h">
      <Filter>Source Files</Filter>
    </ClInclude>
    <ClInclude Include="..\AlifCore\Include\Core\AlifCore_Tuple.h">
      <Filter>Source Files</Filter>
    </ClInclude>
    <ClInclude Include="..\AlifCore\Include\Core\AlifCore_TypeObject.h">
      <Filter>Source Files</Filter>
    </ClInclude>
    <ClInclude Include="..\AlifCore\Include\Core\AlifCore_UString.h">
      <Filter>Source Files</Filter>
    </ClInclude>
    <ClInclude Include="..\AlifCore\Include\Main\Abstract.h">
      <Filter>Source Files</Filter>
    </ClInclude>
    <ClInclude Include="..\AlifCore\Include\Main\AlifBuffer.h">
      <Filter>Source Files</Filter>
    </ClInclude>
    <ClInclude Include="..\AlifCore\Include\Main\AlifCapsule.h">
      <Filter>Source Files</Filter>
    </ClInclude>
    <ClInclude Include="..\AlifCore\Include\Main\AlifConfig.h">
      <Filter>Source Files</Filter>
    </ClInclude>
    <ClInclude Include="..\AlifCore\Include\Main\AlifCppType.h">
      <Filter>Source Files</Filter>
    </ClInclude>
    <ClInclude Include="..\AlifCore\Include\Main\AlifErrors.h">
      <Filter>Source Files</Filter>
    </ClInclude>
    <ClInclude Include="..\AlifCore\Include\Main\AlifEval.h">
      <Filter>Source Files</Filter>
    </ClInclude>
    <ClInclude Include="..\AlifCore\Include\Main\AlifEvalMacros.h">
      <Filter>Source Files</Filter>
    </ClInclude>
    <ClInclude Include="..\AlifCore\Include\Main\AlifLexer.h">
      <Filter>Source Files</Filter>
    </ClInclude>
    <ClInclude Include="..\AlifCore\Include\Main\AlifMacro.h">
      <Filter>Source Files</Filter>
    </ClInclude>
    <ClInclude Include="..\AlifCore\Include\Main\AlifObject.h">
      <Filter>Source Files</Filter>
    </ClInclude>
    <ClInclude Include="..\AlifCore\Include\Main\AlifParserEngine.h">
      <Filter>Source Files</Filter>
    </ClInclude>
    <ClInclude Include="..\AlifCore\Include\Main\AlifPort.h">
      <Filter>Source Files</Filter>
    </ClInclude>
    <ClInclude Include="..\AlifCore\Include\Main\AlifRun.h">
      <Filter>Source Files</Filter>
    </ClInclude>
    <ClInclude Include="..\AlifCore\Include\Main\AlifState.h">
      <Filter>Source Files</Filter>
    </ClInclude>
    <ClInclude Include="..\AlifCore\Include\Main\AlifThread.h">
      <Filter>Source Files</Filter>
    </ClInclude>
    <ClInclude Include="..\AlifCore\Include\Main\AlifTime.h">
      <Filter>Source Files</Filter>
    </ClInclude>
    <ClInclude Include="..\AlifCore\Include\Main\AlifTokenState.h">
      <Filter>Source Files</Filter>
    </ClInclude>
    <ClInclude Include="..\AlifCore\Include\Main\AlifTypeDefs.h">
      <Filter>Source Files</Filter>
    </ClInclude>
    <ClInclude Include="..\AlifCore\Include\Main\AlifVersion.h">
      <Filter>Source Files</Filter>
    </ClInclude>
    <ClInclude Include="..\AlifCore\Include\Main\BoolObject.h">
      <Filter>Source Files</Filter>
    </ClInclude>
    <ClInclude Include="..\AlifCore\Include\Main\BuiltinsModule.h">
      <Filter>Source Files</Filter>
    </ClInclude>
    <ClInclude Include="..\AlifCore\Include\Main\BytesObject.h">
      <Filter>Source Files</Filter>
    </ClInclude>
    <ClInclude Include="..\AlifCore\Include\Main\ClassObject.h">
      <Filter>Source Files</Filter>
    </ClInclude>
    <ClInclude Include="..\AlifCore\Include\Main\Code.h">
      <Filter>Source Files</Filter>
    </ClInclude>
    <ClInclude Include="..\AlifCore\Include\Main\Compile.h">
      <Filter>Source Files</Filter>
    </ClInclude>
    <ClInclude Include="..\AlifCore\Include\Main\DescrObject.h">
      <Filter>Source Files</Filter>
    </ClInclude>
    <ClInclude Include="..\AlifCore\Include\Main\DictObject.h">
      <Filter>Source Files</Filter>
    </ClInclude>
    <ClInclude Include="..\AlifCore\Include\Main\ErrorCode.h">
      <Filter>Source Files</Filter>
    </ClInclude>
    <ClInclude Include="..\AlifCore\Include\Main\FastSearch.h">
      <Filter>Source Files</Filter>
    </ClInclude>
    <ClInclude Include="..\AlifCore\Include\Main\FileManip.h">
      <Filter>Source Files</Filter>
    </ClInclude>
    <ClInclude Include="..\AlifCore\Include\Main\Find.h">
      <Filter>Source Files</Filter>
    </ClInclude>
    <ClInclude Include="..\AlifCore\Include\Main\FloatObject.h">
      <Filter>Source Files</Filter>
    </ClInclude>
    <ClInclude Include="..\AlifCore\Include\Main\FunctionObject.h">
      <Filter>Source Files</Filter>
    </ClInclude>
    <ClInclude Include="..\AlifCore\Include\Main\GenericAliasObject.h">
      <Filter>Source Files</Filter>
    </ClInclude>
    <ClInclude Include="..\AlifCore\Include\Main\Helpers.h">
      <Filter>Source Files</Filter>
    </ClInclude>
    <ClInclude Include="..\AlifCore\Include\Main\Import.h">
      <Filter>Source Files</Filter>
    </ClInclude>
    <ClInclude Include="..\AlifCore\Include\Main\InitConfig.h">
      <Filter>Source Files</Filter>
    </ClInclude>
    <ClInclude Include="..\AlifCore\Include\Main\IntegerObject.h">
      <Filter>Source Files</Filter>
    </ClInclude>
    <ClInclude Include="..\AlifCore\Include\Main\IterObject.h">
      <Filter>Source Files</Filter>
    </ClInclude>
    <ClInclude Include="..\AlifCore\Include\Main\ListObject.h">
      <Filter>Source Files</Filter>
    </ClInclude>
    <ClInclude Include="..\AlifCore\Include\Main\MethodObject.h">
      <Filter>Source Files</Filter>
    </ClInclude>
    <ClInclude Include="..\AlifCore\Include\Main\ModSupport.h">
      <Filter>Source Files</Filter>
    </ClInclude>
    <ClInclude Include="..\AlifCore\Include\Main\ModuleObject.h">
      <Filter>Source Files</Filter>
    </ClInclude>
    <ClInclude Include="..\AlifCore\Include\Main\ObjImpl.h">
      <Filter>Source Files</Filter>
    </ClInclude>
    <ClInclude Include="..\AlifCore\Include\Main\OpCode.h">
      <Filter>Source Files</Filter>
    </ClInclude>
    <ClInclude Include="..\AlifCore\Include\Main\OpCodeCases.h">
      <Filter>Source Files</Filter>
    </ClInclude>
    <ClInclude Include="..\AlifCore\Include\Main\OpCodeIDs.h">
      <Filter>Source Files</Filter>
    </ClInclude>
    <ClInclude Include="..\AlifCore\Include\Main\SetObject.h">
      <Filter>Source Files</Filter>
    </ClInclude>
    <ClInclude Include="..\AlifCore\Include\Main\SliceObject.h">
      <Filter>Source Files</Filter>
    </ClInclude>
    <ClInclude Include="..\AlifCore\Include\Main\Split.h">
      <Filter>Source Files</Filter>
    </ClInclude>
    <ClInclude Include="..\AlifCore\Include\Main\StringParser.h">
      <Filter>Source Files</Filter>
    </ClInclude>
    <ClInclude Include="..\AlifCore\Include\Main\Thread_nt.h">
      <Filter>Source Files</Filter>
    </ClInclude>
    <ClInclude Include="..\AlifCore\Include\Main\Thread_PThread.h">
      <Filter>Source Files</Filter>
    </ClInclude>
    <ClInclude Include="..\AlifCore\Include\Main\Tokenizer.h">
      <Filter>Source Files</Filter>
    </ClInclude>
    <ClInclude Include="..\AlifCore\Include\Main\TupleObject.h">
      <Filter>Source Files</Filter>
    </ClInclude>
    <ClInclude Include="..\AlifCore\Include\Main\UStrObject.h">
      <Filter>Source Files</Filter>
    </ClInclude>
  </ItemGroup>
</Project>