<?xml version="1.0" encoding="utf-8"?>
<Project ToolsVersion="4.0" xmlns="http://schemas.microsoft.com/developer/msbuild/2003">
  <ItemGroup>
    <Filter Include="Source Files">
      <UniqueIdentifier>{4FC737F1-C7A5-4376-A066-2A32D752A2FF}</UniqueIdentifier>
      <Extensions>cpp;c;cc;cxx;c++;cppm;ixx;def;odl;idl;hpj;bat;asm;asmx</Extensions>
    </Filter>
    <Filter Include="Header Files">
      <UniqueIdentifier>{93995380-89BD-4b04-88EB-625FBE52EBFB}</UniqueIdentifier>
      <Extensions>h;hh;hpp;hxx;h++;hm;inl;inc;ipp;xsd</Extensions>
    </Filter>
  </ItemGroup>
  <ItemGroup>
    <ClInclude Include="..\source\Include\Main\AlifConfig.h">
      <Filter>Header Files</Filter>
    </ClInclude>
    <ClInclude Include="..\source\Include\Main\AlifVersion.h">
      <Filter>Header Files</Filter>
    </ClInclude>
    <ClInclude Include="..\source\Include\Main\FileManip.h">
      <Filter>Header Files</Filter>
    </ClInclude>
    <ClInclude Include="..\source\Include\Main\InitConfig.h">
      <Filter>Header Files</Filter>
    </ClInclude>
    <ClInclude Include="..\source\Include\Main\UStrObject.h">
      <Filter>Header Files</Filter>
    </ClInclude>
    <ClInclude Include="..\source\Include\Main\AlifRun.h">
      <Filter>Header Files</Filter>
    </ClInclude>
    <ClInclude Include="..\source\Include\Main\Tokenizer.h">
      <Filter>Header Files</Filter>
    </ClInclude>
    <ClInclude Include="..\source\Include\Main\Compile.h">
      <Filter>Header Files</Filter>
    </ClInclude>
    <ClInclude Include="..\source\Include\Main\AlifObject.h">
      <Filter>Header Files</Filter>
    </ClInclude>
    <ClInclude Include="..\source\Include\Main\AlifPort.h">
      <Filter>Header Files</Filter>
    </ClInclude>
    <ClInclude Include="..\source\Include\Main\AlifMacro.h">
      <Filter>Header Files</Filter>
    </ClInclude>
    <ClInclude Include="..\source\Include\Main\Abstract.h">
      <Filter>Header Files</Filter>
    </ClInclude>
    <ClInclude Include="..\source\Include\Main\AlifBuffer.h">
      <Filter>Header Files</Filter>
    </ClInclude>
    <ClInclude Include="..\source\Include\Main\AlifCppType.h">
      <Filter>Header Files</Filter>
    </ClInclude>
    <ClInclude Include="..\source\Include\Main\AlifTypeDefs.h">
      <Filter>Header Files</Filter>
    </ClInclude>
    <ClInclude Include="..\source\Include\Main\BoolObject.h">
      <Filter>Header Files</Filter>
    </ClInclude>
    <ClInclude Include="..\source\Include\Main\BytesObject.h">
      <Filter>Header Files</Filter>
    </ClInclude>
    <ClInclude Include="..\source\Include\Main\DescrObject.h">
      <Filter>Header Files</Filter>
    </ClInclude>
    <ClInclude Include="..\source\Include\Main\DictObject.h">
      <Filter>Header Files</Filter>
    </ClInclude>
    <ClInclude Include="..\source\Include\Main\FloatObject.h">
      <Filter>Header Files</Filter>
    </ClInclude>
    <ClInclude Include="..\source\Include\Main\FunctionObject.h">
      <Filter>Header Files</Filter>
    </ClInclude>
    <ClInclude Include="..\source\Include\Main\IntegerObject.h">
      <Filter>Header Files</Filter>
    </ClInclude>
    <ClInclude Include="..\source\Include\Main\IterObject.h">
      <Filter>Header Files</Filter>
    </ClInclude>
    <ClInclude Include="..\source\Include\Main\ListObject.h">
      <Filter>Header Files</Filter>
    </ClInclude>
    <ClInclude Include="..\source\Include\Main\MethodObject.h">
      <Filter>Header Files</Filter>
    </ClInclude>
    <ClInclude Include="..\source\Include\Main\ModSupport.h">
      <Filter>Header Files</Filter>
    </ClInclude>
    <ClInclude Include="..\source\Include\Main\ObjImpl.h">
      <Filter>Header Files</Filter>
    </ClInclude>
    <ClInclude Include="..\source\Include\Main\SliceObject.h">
      <Filter>Header Files</Filter>
    </ClInclude>
    <ClInclude Include="..\source\Include\Main\TupleObject.h">
      <Filter>Header Files</Filter>
    </ClInclude>
    <ClInclude Include="..\source\Include\Main\AlifLexer.h">
      <Filter>Header Files</Filter>
    </ClInclude>
    <ClInclude Include="..\source\Include\Main\AlifParserEngine.h">
      <Filter>Header Files</Filter>
    </ClInclude>
    <ClInclude Include="..\source\Include\Main\AlifTokenState.h">
      <Filter>Header Files</Filter>
    </ClInclude>
    <ClInclude Include="..\source\Include\Main\ErrorCode.h">
      <Filter>Header Files</Filter>
    </ClInclude>
    <ClInclude Include="..\source\Include\Main\Helpers.h">
      <Filter>Header Files</Filter>
    </ClInclude>
    <ClInclude Include="..\source\Include\Main\StringParser.h">
      <Filter>Header Files</Filter>
    </ClInclude>
    <ClInclude Include="..\source\Include\Main\FastSearch.h">
      <Filter>Header Files</Filter>
    </ClInclude>
    <ClInclude Include="..\source\Include\Main\Split.h">
      <Filter>Header Files</Filter>
    </ClInclude>
    <ClInclude Include="..\source\Include\Main\AlifThread.h">
      <Filter>Header Files</Filter>
    </ClInclude>
    <ClInclude Include="..\source\Include\Main\AlifTime.h">
      <Filter>Header Files</Filter>
    </ClInclude>
    <ClInclude Include="..\source\Include\Main\Thread_nt.h">
      <Filter>Header Files</Filter>
    </ClInclude>
    <ClInclude Include="..\source\Include\Main\Import.h">
      <Filter>Header Files</Filter>
    </ClInclude>
    <ClInclude Include="..\source\Include\Main\AlifState.h">
      <Filter>Header Files</Filter>
    </ClInclude>
    <ClInclude Include="..\source\Include\Main\AlifCapsule.h">
      <Filter>Header Files</Filter>
    </ClInclude>
    <ClInclude Include="..\source\Include\Main\Code.h">
      <Filter>Header Files</Filter>
    </ClInclude>
    <ClInclude Include="..\source\Include\Main\find.h">
      <Filter>Header Files</Filter>
    </ClInclude>
    <ClInclude Include="..\source\Include\Main\OpCode.h">
      <Filter>Header Files</Filter>
    </ClInclude>
    <ClInclude Include="..\source\Include\Main\OpCodeIDs.h">
      <Filter>Header Files</Filter>
    </ClInclude>
    <ClInclude Include="..\source\Include\Main\SetObject.h">
      <Filter>Header Files</Filter>
    </ClInclude>
    <ClInclude Include="..\source\Include\Main\AlifEval.h">
      <Filter>Header Files</Filter>
    </ClInclude>
    <ClInclude Include="..\source\Include\Main\AlifEvalMacros.h">
      <Filter>Header Files</Filter>
    </ClInclude>
    <ClInclude Include="..\source\Include\Main\OpCodeCases.h">
      <Filter>Header Files</Filter>
    </ClInclude>
    <ClInclude Include="..\source\Include\Main\AlifErrors.h">
      <Filter>Header Files</Filter>
    </ClInclude>
    <ClInclude Include="..\source\Include\Main\GenericAliasObject.h">
      <Filter>Header Files</Filter>
    </ClInclude>
    <ClInclude Include="..\source\Include\Main\ModuleObject.h">
      <Filter>Header Files</Filter>
    </ClInclude>
  </ItemGroup>
  <ItemGroup>
    <ClCompile Include="..\source\Objects\Main\GetVersion.cpp">
      <Filter>Source Files</Filter>
    </ClCompile>
    <ClCompile Include="..\source\Objects\Main\FileTokenizer.cpp">
      <Filter>Source Files</Filter>
    </ClCompile>
    <ClCompile Include="..\source\Objects\Main\Abstract.cpp">
      <Filter>Source Files</Filter>
    </ClCompile>
    <ClCompile Include="..\source\Objects\Main\AlifCppType.cpp">
      <Filter>Source Files</Filter>
    </ClCompile>
    <ClCompile Include="..\source\Objects\Main\BoolObject.cpp">
      <Filter>Source Files</Filter>
    </ClCompile>
    <ClCompile Include="..\source\Objects\Main\BytesMethods.cpp">
      <Filter>Source Files</Filter>
    </ClCompile>
    <ClCompile Include="..\source\Objects\Main\BytesObject.cpp">
      <Filter>Source Files</Filter>
    </ClCompile>
    <ClCompile Include="..\source\Objects\Main\Call.cpp">
      <Filter>Source Files</Filter>
    </ClCompile>
    <ClCompile Include="..\source\Objects\Main\DictObject.cpp">
      <Filter>Source Files</Filter>
    </ClCompile>
    <ClCompile Include="..\source\Objects\Main\FloatObject.cpp">
      <Filter>Source Files</Filter>
    </ClCompile>
    <ClCompile Include="..\source\Objects\Main\FunctionObject.cpp">
      <Filter>Source Files</Filter>
    </ClCompile>
    <ClCompile Include="..\source\Objects\Main\GetArgs.cpp">
      <Filter>Source Files</Filter>
    </ClCompile>
    <ClCompile Include="..\source\Objects\Main\IntegerObject.cpp">
      <Filter>Source Files</Filter>
    </ClCompile>
    <ClCompile Include="..\source\Objects\Main\IterObject.cpp">
      <Filter>Source Files</Filter>
    </ClCompile>
    <ClCompile Include="..\source\Objects\Main\ListObject.cpp">
      <Filter>Source Files</Filter>
    </ClCompile>
    <ClCompile Include="..\source\Objects\Main\MethodObject.cpp">
      <Filter>Source Files</Filter>
    </ClCompile>
    <ClCompile Include="..\source\Objects\Main\SliceObject.cpp">
      <Filter>Source Files</Filter>
    </ClCompile>
    <ClCompile Include="..\source\Objects\Main\TupleObject.cpp">
      <Filter>Source Files</Filter>
    </ClCompile>
    <ClCompile Include="..\source\Objects\Main\TypeObject.cpp">
      <Filter>Source Files</Filter>
    </ClCompile>
    <ClCompile Include="..\source\Objects\Main\ActionHelpers.cpp">
      <Filter>Source Files</Filter>
    </ClCompile>
    <ClCompile Include="..\source\Objects\Main\AlifAST.cpp">
      <Filter>Source Files</Filter>
    </ClCompile>
    <ClCompile Include="..\source\Objects\Main\AlifLexer.cpp">
      <Filter>Source Files</Filter>
    </ClCompile>
    <ClCompile Include="..\source\Objects\Main\AlifParser.cpp">
      <Filter>Source Files</Filter>
    </ClCompile>
    <ClCompile Include="..\source\Objects\Main\AlifParserEngine.cpp">
      <Filter>Source Files</Filter>
    </ClCompile>
    <ClCompile Include="..\source\Objects\Main\AlifParserEngineErrors.cpp">
      <Filter>Source Files</Filter>
    </ClCompile>
    <ClCompile Include="..\source\Objects\Main\AlifToken.cpp">
      <Filter>Source Files</Filter>
    </ClCompile>
    <ClCompile Include="..\source\Objects\Main\AlifTokenState.cpp">
      <Filter>Source Files</Filter>
    </ClCompile>
    <ClCompile Include="..\source\Objects\Main\ASDL.cpp">
      <Filter>Source Files</Filter>
    </ClCompile>
    <ClCompile Include="..\source\Objects\Main\FileObject.cpp">
      <Filter>Source Files</Filter>
    </ClCompile>
    <ClCompile Include="..\source\Objects\Main\StringParser.cpp">
      <Filter>Source Files</Filter>
    </ClCompile>
    <ClCompile Include="..\source\Objects\Main\AlifTime.cpp">
      <Filter>Source Files</Filter>
    </ClCompile>
    <ClCompile Include="..\source\Objects\Main\Thread.cpp">
      <Filter>Source Files</Filter>
    </ClCompile>
    <ClCompile Include="..\source\Objects\Main\AlifState.cpp">
      <Filter>Source Files</Filter>
    </ClCompile>
    <ClCompile Include="..\source\Objects\Main\ConfigMinimal.cpp">
      <Filter>Source Files</Filter>
    </ClCompile>
    <ClCompile Include="..\source\Objects\Main\Import.cpp">
      <Filter>Source Files</Filter>
    </ClCompile>
    <ClCompile Include="..\source\Objects\Main\AlifAssemble.cpp">
      <Filter>Source Files</Filter>
    </ClCompile>
    <ClCompile Include="..\source\Objects\Main\AlifCompiler.cpp">
      <Filter>Source Files</Filter>
    </ClCompile>
    <ClCompile Include="..\source\Objects\Main\AlifFlowGraph.cpp">
      <Filter>Source Files</Filter>
    </ClCompile>
    <ClCompile Include="..\source\Objects\Main\AlifSymTable.cpp">
      <Filter>Source Files</Filter>
    </ClCompile>
    <ClCompile Include="..\source\Objects\Main\ASTOptimize.cpp">
      <Filter>Source Files</Filter>
    </ClCompile>
    <ClCompile Include="..\source\Objects\Main\Capsule.cpp">
      <Filter>Source Files</Filter>
    </ClCompile>
    <ClCompile Include="..\source\Objects\Main\CodeObject.cpp">
      <Filter>Source Files</Filter>
    </ClCompile>
    <ClCompile Include="..\source\Objects\Main\CompilerMain.cpp">
      <Filter>Source Files</Filter>
    </ClCompile>
    <ClCompile Include="..\source\Objects\Main\GC.cpp">
      <Filter>Source Files</Filter>
    </ClCompile>
    <ClCompile Include="..\source\Objects\Main\InstructionSeq.cpp">
      <Filter>Source Files</Filter>
    </ClCompile>
    <ClCompile Include="..\source\Objects\Main\SetObject.cpp">
      <Filter>Source Files</Filter>
    </ClCompile>
    <ClCompile Include="..\source\Objects\Main\AlifEval.cpp">
      <Filter>Source Files</Filter>
    </ClCompile>
    <ClCompile Include="..\source\Objects\Main\Specialize.cpp">
      <Filter>Source Files</Filter>
    </ClCompile>
    <ClCompile Include="..\source\Objects\Main\Instrumentation.cpp">
      <Filter>Source Files</Filter>
    </ClCompile>
    <ClCompile Include="..\source\Objects\Main\GenericAliasObject.cpp">
      <Filter>Source Files</Filter>
    </ClCompile>
    <ClCompile Include="..\source\Objects\Main\DescrObject.cpp">
      <Filter>Source Files</Filter>
    </ClCompile>
    <ClCompile Include="..\source\Objects\Main\ModuleObject.cpp">
      <Filter>Source Files</Filter>
    </ClCompile>
  </ItemGroup>
</Project>