<?xml version="1.0" encoding="utf-8"?>
<Project ToolsVersion="4.0" xmlns="http://schemas.microsoft.com/developer/msbuild/2003">
  <ItemGroup>
    <ClCompile Include="..\source\Objects\alifCycle.cpp">
      <Filter>Source Files</Filter>
    </ClCompile>
    <ClCompile Include="..\source\Objects\alifMemory.cpp">
      <Filter>Source Files</Filter>
    </ClCompile>
    <ClCompile Include="..\source\Objects\initConfig.cpp">
      <Filter>Source Files</Filter>
    </ClCompile>
    <ClCompile Include="..\source\Objects\preConfig.cpp">
      <Filter>Source Files</Filter>
    </ClCompile>
    <ClCompile Include="..\source\Objects\getOpt.cpp">
      <Filter>Source Files</Filter>
    </ClCompile>
    <ClCompile Include="..\source\Objects\alifState.cpp">
      <Filter>Source Files</Filter>
    </ClCompile>
    <ClCompile Include="..\source\Objects\alifTime.cpp">
      <Filter>Source Files</Filter>
    </ClCompile>
    <ClCompile Include="..\source\Objects\thread.cpp">
      <Filter>Source Files</Filter>
    </ClCompile>
    <ClCompile Include="..\source\Objects\object.cpp">
      <Filter>Source Files</Filter>
    </ClCompile>
    <ClCompile Include="..\source\Objects\methodObject.cpp">
      <Filter>Source Files</Filter>
    </ClCompile>
  </ItemGroup>
  <ItemGroup>
    <ClInclude Include="..\source\Include\core\alifCore_alifCycle.h">
      <Filter>Header Core Files</Filter>
    </ClInclude>
    <ClInclude Include="..\source\Include\core\alifCore_alifMem.h">
      <Filter>Header Core Files</Filter>
    </ClInclude>
    <ClInclude Include="..\source\Include\core\alifCore_alifMem_init.h">
      <Filter>Header Core Files</Filter>
    </ClInclude>
    <ClInclude Include="..\source\Include\core\alifCore_alifMemory_init.h">
      <Filter>Header Core Files</Filter>
    </ClInclude>
    <ClInclude Include="..\source\Include\core\alifCore_alifThread.h">
      <Filter>Header Core Files</Filter>
    </ClInclude>
    <ClInclude Include="..\source\Include\core\alifCore_initConfig.h">
      <Filter>Header Core Files</Filter>
    </ClInclude>
    <ClInclude Include="..\source\Include\core\alifCore_runtime.h">
      <Filter>Header Core Files</Filter>
    </ClInclude>
    <ClInclude Include="..\source\Include\core\alifCore_runtime_init.h">
      <Filter>Header Core Files</Filter>
    </ClInclude>
    <ClInclude Include="..\source\Include\alifConfig.h">
      <Filter>Header Files</Filter>
    </ClInclude>
    <ClInclude Include="..\source\Include\alifCycle.h">
      <Filter>Header Files</Filter>
    </ClInclude>
    <ClInclude Include="..\source\Include\alifDebug.h">
      <Filter>Header Files</Filter>
    </ClInclude>
    <ClInclude Include="..\source\Include\alifDefinations.h">
      <Filter>Header Files</Filter>
    </ClInclude>
    <ClInclude Include="..\source\Include\alifMem.h">
      <Filter>Header Files</Filter>
    </ClInclude>
    <ClInclude Include="..\source\Include\alifMemory.h">
      <Filter>Header Files</Filter>
    </ClInclude>
    <ClInclude Include="..\source\Include\alifPort.h">
      <Filter>Header Files</Filter>
    </ClInclude>
    <ClInclude Include="..\source\Include\alifThread.h">
      <Filter>Header Files</Filter>
    </ClInclude>
    <ClInclude Include="..\source\Include\alifThread_stubs.h">
      <Filter>Header Files</Filter>
    </ClInclude>
    <ClInclude Include="..\source\Include\alifVersion.h">
      <Filter>Header Files</Filter>
    </ClInclude>
    <ClInclude Include="..\source\Include\exports.h">
      <Filter>Header Files</Filter>
    </ClInclude>
    <ClInclude Include="..\source\Include\fileObject.h">
      <Filter>Header Files</Filter>
    </ClInclude>
    <ClInclude Include="..\source\Include\initConfig.h">
      <Filter>Header Files</Filter>
    </ClInclude>
    <ClInclude Include="..\source\Include\core\alifCore_getOpt.h">
      <Filter>Header Core Files</Filter>
    </ClInclude>
    <ClInclude Include="..\source\Include\core\alifCore_condVar.h">
      <Filter>Header Core Files</Filter>
    </ClInclude>
    <ClInclude Include="..\source\Include\condVar.h">
      <Filter>Header Files</Filter>
    </ClInclude>
    <ClInclude Include="..\source\Include\thread_nt.h">
      <Filter>Header Files</Filter>
    </ClInclude>
    <ClInclude Include="..\source\Include\core\alifCore_time.h" />
    <ClInclude Include="..\source\Include\alifTypeDefs.h">
      <Filter>Header Files</Filter>
    </ClInclude>
    <ClInclude Include="..\source\Include\object.h">
      <Filter>Header Files</Filter>
    </ClInclude>
    <ClInclude Include="..\source\Include\core\alifCore_alifState.h">
      <Filter>Header Core Files</Filter>
    </ClInclude>
    <ClInclude Include="..\source\Include\methodObject.h">
      <Filter>Header Files</Filter>
    </ClInclude>
  </ItemGroup>
  <ItemGroup>
    <Filter Include="Header Core Files">
      <UniqueIdentifier>{31f5b69f-b502-4517-805f-459d3eeefb0d}</UniqueIdentifier>
    </Filter>
    <Filter Include="Header Files">
      <UniqueIdentifier>{1467c152-995b-48ff-b582-13bb51fce86e}</UniqueIdentifier>
    </Filter>
    <Filter Include="Source Files">
      <UniqueIdentifier>{927dc9d5-04ba-46fc-9c92-43d1880e09a5}</UniqueIdentifier>
    </Filter>
  </ItemGroup>
</Project>